
Microsoft Visual Studio Solution File, Format Version 12.00
# Visual Studio Version 16
VisualStudioVersion = 16.0.30621.155
MinimumVisualStudioVersion = 10.0.40219.1
Project("{9A19103F-16F7-4668-BE54-9A1E7A4F7556}") = "JobFilter", "JobFilter\JobFilter.csproj", "{1BAD164C-5180-4A1C-B26F-3CC437486463}"
EndProject
Project("{FAE04EC0-301F-11D3-BF4B-00C04F79EFBC}") = "JobFilterTests", "JobFilterTests\JobFilterTests.csproj", "{1439886D-9738-4D75-85DA-F12E17EF0E5F}"
EndProject
Global
	GlobalSection(SolutionConfigurationPlatforms) = preSolution
		Debug|Any CPU = Debug|Any CPU
		Release|Any CPU = Release|Any CPU
	EndGlobalSection
	GlobalSection(ProjectConfigurationPlatforms) = postSolution
		{1BAD164C-5180-4A1C-B26F-3CC437486463}.Debug|Any CPU.ActiveCfg = Debug|Any CPU
		{1BAD164C-5180-4A1C-B26F-3CC437486463}.Debug|Any CPU.Build.0 = Debug|Any CPU
		{1BAD164C-5180-4A1C-B26F-3CC437486463}.Release|Any CPU.ActiveCfg = Release|Any CPU
		{1BAD164C-5180-4A1C-B26F-3CC437486463}.Release|Any CPU.Build.0 = Release|Any CPU
		{1439886D-9738-4D75-85DA-F12E17EF0E5F}.Debug|Any CPU.ActiveCfg = Debug|Any CPU
		{1439886D-9738-4D75-85DA-F12E17EF0E5F}.Debug|Any CPU.Build.0 = Debug|Any CPU
		{1439886D-9738-4D75-85DA-F12E17EF0E5F}.Release|Any CPU.ActiveCfg = Release|Any CPU
		{1439886D-9738-4D75-85DA-F12E17EF0E5F}.Release|Any CPU.Build.0 = Release|Any CPU
	EndGlobalSection
	GlobalSection(SolutionProperties) = preSolution
		HideSolutionNode = FALSE
	EndGlobalSection
	GlobalSection(ExtensibilityGlobals) = postSolution
		SolutionGuid = {4A71807B-121A-4FE3-8AA9-720797081EE6}
	EndGlobalSection
EndGlobal
